// !$*UTF8*$!
{
	archiveVersion = 1;
	classes = {
	};
	objectVersion = 56;
	objects = {

/* Begin PBXBuildFile section */
		18B8E5DB2A5D6CC3008D56E0 /* mRouteApp.swift in Sources */ = {isa = PBXBuildFile; fileRef = 18B8E5DA2A5D6CC3008D56E0 /* mRouteApp.swift */; };
		18B8E5DD2A5D6CC3008D56E0 /* ContentView.swift in Sources */ = {isa = PBXBuildFile; fileRef = 18B8E5DC2A5D6CC3008D56E0 /* ContentView.swift */; };
		18B8E5DF2A5D6CC4008D56E0 /* Assets.xcassets in Resources */ = {isa = PBXBuildFile; fileRef = 18B8E5DE2A5D6CC4008D56E0 /* Assets.xcassets */; };
		18B8E5E32A5D6CC4008D56E0 /* Preview Assets.xcassets in Resources */ = {isa = PBXBuildFile; fileRef = 18B8E5E22A5D6CC4008D56E0 /* Preview Assets.xcassets */; };
		18E337882A5D95770073D232 /* mWebView.swift in Sources */ = {isa = PBXBuildFile; fileRef = 18E337872A5D95770073D232 /* mWebView.swift */; };
		18F5CC832A8620A300ADF6C6 /* FirebaseAnalytics in Frameworks */ = {isa = PBXBuildFile; productRef = 18F5CC822A8620A300ADF6C6 /* FirebaseAnalytics */; };
		18F5CC852A8620A300ADF6C6 /* FirebaseCrashlytics in Frameworks */ = {isa = PBXBuildFile; productRef = 18F5CC842A8620A300ADF6C6 /* FirebaseCrashlytics */; };
		18F5CC872A8620A300ADF6C6 /* FirebaseDatabase in Frameworks */ = {isa = PBXBuildFile; productRef = 18F5CC862A8620A300ADF6C6 /* FirebaseDatabase */; };
		18F5CC892A8620A300ADF6C6 /* FirebaseMessaging in Frameworks */ = {isa = PBXBuildFile; productRef = 18F5CC882A8620A300ADF6C6 /* FirebaseMessaging */; };
		18F5CC8B2A8620A300ADF6C6 /* FirebasePerformance in Frameworks */ = {isa = PBXBuildFile; productRef = 18F5CC8A2A8620A300ADF6C6 /* FirebasePerformance */; };
		18F5CC8D2A8621AC00ADF6C6 /* GoogleService-Info.plist in Resources */ = {isa = PBXBuildFile; fileRef = 18F5CC8C2A8621AC00ADF6C6 /* GoogleService-Info.plist */; };
		18F5CC902A8621EC00ADF6C6 /* AppDelegate.swift in Sources */ = {isa = PBXBuildFile; fileRef = 18F5CC8F2A8621EC00ADF6C6 /* AppDelegate.swift */; };
		926956D52A5DAD30006E27E2 /* Item.swift in Sources */ = {isa = PBXBuildFile; fileRef = 926956D42A5DAD30006E27E2 /* Item.swift */; };
/* End PBXBuildFile section */

/* Begin PBXFileReference section */
		18B8E5D72A5D6CC3008D56E0 /* mRoute.app */ = {isa = PBXFileReference; explicitFileType = wrapper.application; includeInIndex = 0; path = mRoute.app; sourceTree = BUILT_PRODUCTS_DIR; };
		18B8E5DA2A5D6CC3008D56E0 /* mRouteApp.swift */ = {isa = PBXFileReference; lastKnownFileType = sourcecode.swift; path = mRouteApp.swift; sourceTree = "<group>"; };
		18B8E5DC2A5D6CC3008D56E0 /* ContentView.swift */ = {isa = PBXFileReference; lastKnownFileType = sourcecode.swift; path = ContentView.swift; sourceTree = "<group>"; };
		18B8E5DE2A5D6CC4008D56E0 /* Assets.xcassets */ = {isa = PBXFileReference; lastKnownFileType = folder.assetcatalog; path = Assets.xcassets; sourceTree = "<group>"; };
		18B8E5E02A5D6CC4008D56E0 /* mRoute.entitlements */ = {isa = PBXFileReference; lastKnownFileType = text.plist.entitlements; path = mRoute.entitlements; sourceTree = "<group>"; };
		18B8E5E22A5D6CC4008D56E0 /* Preview Assets.xcassets */ = {isa = PBXFileReference; lastKnownFileType = folder.assetcatalog; path = "Preview Assets.xcassets"; sourceTree = "<group>"; };
		18E337872A5D95770073D232 /* mWebView.swift */ = {isa = PBXFileReference; lastKnownFileType = sourcecode.swift; path = mWebView.swift; sourceTree = "<group>"; };
		18F5CC8C2A8621AC00ADF6C6 /* GoogleService-Info.plist */ = {isa = PBXFileReference; fileEncoding = 4; lastKnownFileType = text.plist.xml; path = "GoogleService-Info.plist"; sourceTree = "<group>"; };
		18F5CC8F2A8621EC00ADF6C6 /* AppDelegate.swift */ = {isa = PBXFileReference; lastKnownFileType = sourcecode.swift; path = AppDelegate.swift; sourceTree = "<group>"; };
		926956D42A5DAD30006E27E2 /* Item.swift */ = {isa = PBXFileReference; lastKnownFileType = sourcecode.swift; path = Item.swift; sourceTree = "<group>"; };
/* End PBXFileReference section */

/* Begin PBXFrameworksBuildPhase section */
		18B8E5D42A5D6CC3008D56E0 /* Frameworks */ = {
			isa = PBXFrameworksBuildPhase;
			buildActionMask = 2147483647;
			files = (
				18F5CC892A8620A300ADF6C6 /* FirebaseMessaging in Frameworks */,
				18F5CC872A8620A300ADF6C6 /* FirebaseDatabase in Frameworks */,
				18F5CC8B2A8620A300ADF6C6 /* FirebasePerformance in Frameworks */,
				18F5CC832A8620A300ADF6C6 /* FirebaseAnalytics in Frameworks */,
				18F5CC852A8620A300ADF6C6 /* FirebaseCrashlytics in Frameworks */,
			);
			runOnlyForDeploymentPostprocessing = 0;
		};
/* End PBXFrameworksBuildPhase section */

/* Begin PBXGroup section */
		18B8E5CE2A5D6CC3008D56E0 = {
			isa = PBXGroup;
			children = (
				18B8E5D92A5D6CC3008D56E0 /* mRoute */,
				18B8E5D82A5D6CC3008D56E0 /* Products */,
			);
			sourceTree = "<group>";
		};
		18B8E5D82A5D6CC3008D56E0 /* Products */ = {
			isa = PBXGroup;
			children = (
				18B8E5D72A5D6CC3008D56E0 /* mRoute.app */,
			);
			name = Products;
			sourceTree = "<group>";
		};
		18B8E5D92A5D6CC3008D56E0 /* mRoute */ = {
			isa = PBXGroup;
			children = (
				18F5CC8E2A8621DD00ADF6C6 /* init */,
				18F5CC8C2A8621AC00ADF6C6 /* GoogleService-Info.plist */,
				18E337872A5D95770073D232 /* mWebView.swift */,
				926956D42A5DAD30006E27E2 /* Item.swift */,
				18B8E5DA2A5D6CC3008D56E0 /* mRouteApp.swift */,
				18B8E5DC2A5D6CC3008D56E0 /* ContentView.swift */,
				18B8E5DE2A5D6CC4008D56E0 /* Assets.xcassets */,
				18B8E5E02A5D6CC4008D56E0 /* mRoute.entitlements */,
				18B8E5E12A5D6CC4008D56E0 /* Preview Content */,
			);
			path = mRoute;
			sourceTree = "<group>";
		};
		18B8E5E12A5D6CC4008D56E0 /* Preview Content */ = {
			isa = PBXGroup;
			children = (
				18B8E5E22A5D6CC4008D56E0 /* Preview Assets.xcassets */,
			);
			path = "Preview Content";
			sourceTree = "<group>";
		};
		18F5CC8E2A8621DD00ADF6C6 /* init */ = {
			isa = PBXGroup;
			children = (
				18F5CC8F2A8621EC00ADF6C6 /* AppDelegate.swift */,
			);
			path = init;
			sourceTree = "<group>";
		};
/* End PBXGroup section */

/* Begin PBXNativeTarget section */
		18B8E5D62A5D6CC3008D56E0 /* mRoute */ = {
			isa = PBXNativeTarget;
			buildConfigurationList = 18B8E5E62A5D6CC4008D56E0 /* Build configuration list for PBXNativeTarget "mRoute" */;
			buildPhases = (
				18B8E5D32A5D6CC3008D56E0 /* Sources */,
				18B8E5D42A5D6CC3008D56E0 /* Frameworks */,
				18B8E5D52A5D6CC3008D56E0 /* Resources */,
			);
			buildRules = (
			);
			dependencies = (
			);
			name = mRoute;
			packageProductDependencies = (
				18F5CC822A8620A300ADF6C6 /* FirebaseAnalytics */,
				18F5CC842A8620A300ADF6C6 /* FirebaseCrashlytics */,
				18F5CC862A8620A300ADF6C6 /* FirebaseDatabase */,
				18F5CC882A8620A300ADF6C6 /* FirebaseMessaging */,
				18F5CC8A2A8620A300ADF6C6 /* FirebasePerformance */,
			);
			productName = mRoute;
			productReference = 18B8E5D72A5D6CC3008D56E0 /* mRoute.app */;
			productType = "com.apple.product-type.application";
		};
/* End PBXNativeTarget section */

/* Begin PBXProject section */
		18B8E5CF2A5D6CC3008D56E0 /* Project object */ = {
			isa = PBXProject;
			attributes = {
				BuildIndependentTargetsInParallel = 1;
				LastSwiftUpdateCheck = 1430;
				LastUpgradeCheck = 1430;
				TargetAttributes = {
					18B8E5D62A5D6CC3008D56E0 = {
						CreatedOnToolsVersion = 14.3.1;
					};
				};
			};
			buildConfigurationList = 18B8E5D22A5D6CC3008D56E0 /* Build configuration list for PBXProject "mRoute" */;
			compatibilityVersion = "Xcode 14.0";
			developmentRegion = en;
			hasScannedForEncodings = 0;
			knownRegions = (
				en,
				Base,
			);
			mainGroup = 18B8E5CE2A5D6CC3008D56E0;
			packageReferences = (
				18F5CC812A8620A300ADF6C6 /* XCRemoteSwiftPackageReference "firebase-ios-sdk" */,
			);
			productRefGroup = 18B8E5D82A5D6CC3008D56E0 /* Products */;
			projectDirPath = "";
			projectRoot = "";
			targets = (
				18B8E5D62A5D6CC3008D56E0 /* mRoute */,
			);
		};
/* End PBXProject section */

/* Begin PBXResourcesBuildPhase section */
		18B8E5D52A5D6CC3008D56E0 /* Resources */ = {
			isa = PBXResourcesBuildPhase;
			buildActionMask = 2147483647;
			files = (
				18B8E5E32A5D6CC4008D56E0 /* Preview Assets.xcassets in Resources */,
				18B8E5DF2A5D6CC4008D56E0 /* Assets.xcassets in Resources */,
				18F5CC8D2A8621AC00ADF6C6 /* GoogleService-Info.plist in Resources */,
			);
			runOnlyForDeploymentPostprocessing = 0;
		};
/* End PBXResourcesBuildPhase section */

/* Begin PBXSourcesBuildPhase section */
		18B8E5D32A5D6CC3008D56E0 /* Sources */ = {
			isa = PBXSourcesBuildPhase;
			buildActionMask = 2147483647;
			files = (
				18F5CC902A8621EC00ADF6C6 /* AppDelegate.swift in Sources */,
				926956D52A5DAD30006E27E2 /* Item.swift in Sources */,
				18B8E5DD2A5D6CC3008D56E0 /* ContentView.swift in Sources */,
				18B8E5DB2A5D6CC3008D56E0 /* mRouteApp.swift in Sources */,
				18E337882A5D95770073D232 /* mWebView.swift in Sources */,
			);
			runOnlyForDeploymentPostprocessing = 0;
		};
/* End PBXSourcesBuildPhase section */

/* Begin XCBuildConfiguration section */
		18B8E5E42A5D6CC4008D56E0 /* Debug */ = {
			isa = XCBuildConfiguration;
			buildSettings = {
				ALWAYS_SEARCH_USER_PATHS = NO;
				CLANG_ANALYZER_NONNULL = YES;
				CLANG_ANALYZER_NUMBER_OBJECT_CONVERSION = YES_AGGRESSIVE;
				CLANG_CXX_LANGUAGE_STANDARD = "gnu++20";
				CLANG_ENABLE_MODULES = YES;
				CLANG_ENABLE_OBJC_ARC = YES;
				CLANG_ENABLE_OBJC_WEAK = YES;
				CLANG_WARN_BLOCK_CAPTURE_AUTORELEASING = YES;
				CLANG_WARN_BOOL_CONVERSION = YES;
				CLANG_WARN_COMMA = YES;
				CLANG_WARN_CONSTANT_CONVERSION = YES;
				CLANG_WARN_DEPRECATED_OBJC_IMPLEMENTATIONS = YES;
				CLANG_WARN_DIRECT_OBJC_ISA_USAGE = YES_ERROR;
				CLANG_WARN_DOCUMENTATION_COMMENTS = YES;
				CLANG_WARN_EMPTY_BODY = YES;
				CLANG_WARN_ENUM_CONVERSION = YES;
				CLANG_WARN_INFINITE_RECURSION = YES;
				CLANG_WARN_INT_CONVERSION = YES;
				CLANG_WARN_NON_LITERAL_NULL_CONVERSION = YES;
				CLANG_WARN_OBJC_IMPLICIT_RETAIN_SELF = YES;
				CLANG_WARN_OBJC_LITERAL_CONVERSION = YES;
				CLANG_WARN_OBJC_ROOT_CLASS = YES_ERROR;
				CLANG_WARN_QUOTED_INCLUDE_IN_FRAMEWORK_HEADER = YES;
				CLANG_WARN_RANGE_LOOP_ANALYSIS = YES;
				CLANG_WARN_STRICT_PROTOTYPES = YES;
				CLANG_WARN_SUSPICIOUS_MOVE = YES;
				CLANG_WARN_UNGUARDED_AVAILABILITY = YES_AGGRESSIVE;
				CLANG_WARN_UNREACHABLE_CODE = YES;
				CLANG_WARN__DUPLICATE_METHOD_MATCH = YES;
				COPY_PHASE_STRIP = NO;
				DEBUG_INFORMATION_FORMAT = dwarf;
				ENABLE_STRICT_OBJC_MSGSEND = YES;
				ENABLE_TESTABILITY = YES;
				GCC_C_LANGUAGE_STANDARD = gnu11;
				GCC_DYNAMIC_NO_PIC = NO;
				GCC_NO_COMMON_BLOCKS = YES;
				GCC_OPTIMIZATION_LEVEL = 0;
				GCC_PREPROCESSOR_DEFINITIONS = (
					"DEBUG=1",
					"$(inherited)",
				);
				GCC_WARN_64_TO_32_BIT_CONVERSION = YES;
				GCC_WARN_ABOUT_RETURN_TYPE = YES_ERROR;
				GCC_WARN_UNDECLARED_SELECTOR = YES;
				GCC_WARN_UNINITIALIZED_AUTOS = YES_AGGRESSIVE;
				GCC_WARN_UNUSED_FUNCTION = YES;
				GCC_WARN_UNUSED_VARIABLE = YES;
				MTL_ENABLE_DEBUG_INFO = INCLUDE_SOURCE;
				MTL_FAST_MATH = YES;
				ONLY_ACTIVE_ARCH = YES;
				SWIFT_ACTIVE_COMPILATION_CONDITIONS = DEBUG;
				SWIFT_OPTIMIZATION_LEVEL = "-Onone";
			};
			name = Debug;
		};
		18B8E5E52A5D6CC4008D56E0 /* Release */ = {
			isa = XCBuildConfiguration;
			buildSettings = {
				ALWAYS_SEARCH_USER_PATHS = NO;
				CLANG_ANALYZER_NONNULL = YES;
				CLANG_ANALYZER_NUMBER_OBJECT_CONVERSION = YES_AGGRESSIVE;
				CLANG_CXX_LANGUAGE_STANDARD = "gnu++20";
				CLANG_ENABLE_MODULES = YES;
				CLANG_ENABLE_OBJC_ARC = YES;
				CLANG_ENABLE_OBJC_WEAK = YES;
				CLANG_WARN_BLOCK_CAPTURE_AUTORELEASING = YES;
				CLANG_WARN_BOOL_CONVERSION = YES;
				CLANG_WARN_COMMA = YES;
				CLANG_WARN_CONSTANT_CONVERSION = YES;
				CLANG_WARN_DEPRECATED_OBJC_IMPLEMENTATIONS = YES;
				CLANG_WARN_DIRECT_OBJC_ISA_USAGE = YES_ERROR;
				CLANG_WARN_DOCUMENTATION_COMMENTS = YES;
				CLANG_WARN_EMPTY_BODY = YES;
				CLANG_WARN_ENUM_CONVERSION = YES;
				CLANG_WARN_INFINITE_RECURSION = YES;
				CLANG_WARN_INT_CONVERSION = YES;
				CLANG_WARN_NON_LITERAL_NULL_CONVERSION = YES;
				CLANG_WARN_OBJC_IMPLICIT_RETAIN_SELF = YES;
				CLANG_WARN_OBJC_LITERAL_CONVERSION = YES;
				CLANG_WARN_OBJC_ROOT_CLASS = YES_ERROR;
				CLANG_WARN_QUOTED_INCLUDE_IN_FRAMEWORK_HEADER = YES;
				CLANG_WARN_RANGE_LOOP_ANALYSIS = YES;
				CLANG_WARN_STRICT_PROTOTYPES = YES;
				CLANG_WARN_SUSPICIOUS_MOVE = YES;
				CLANG_WARN_UNGUARDED_AVAILABILITY = YES_AGGRESSIVE;
				CLANG_WARN_UNREACHABLE_CODE = YES;
				CLANG_WARN__DUPLICATE_METHOD_MATCH = YES;
				COPY_PHASE_STRIP = NO;
				DEBUG_INFORMATION_FORMAT = "dwarf-with-dsym";
				ENABLE_NS_ASSERTIONS = NO;
				ENABLE_STRICT_OBJC_MSGSEND = YES;
				GCC_C_LANGUAGE_STANDARD = gnu11;
				GCC_NO_COMMON_BLOCKS = YES;
				GCC_WARN_64_TO_32_BIT_CONVERSION = YES;
				GCC_WARN_ABOUT_RETURN_TYPE = YES_ERROR;
				GCC_WARN_UNDECLARED_SELECTOR = YES;
				GCC_WARN_UNINITIALIZED_AUTOS = YES_AGGRESSIVE;
				GCC_WARN_UNUSED_FUNCTION = YES;
				GCC_WARN_UNUSED_VARIABLE = YES;
				MTL_ENABLE_DEBUG_INFO = NO;
				MTL_FAST_MATH = YES;
				SWIFT_COMPILATION_MODE = wholemodule;
				SWIFT_OPTIMIZATION_LEVEL = "-O";
			};
			name = Release;
		};
		18B8E5E72A5D6CC4008D56E0 /* Debug */ = {
			isa = XCBuildConfiguration;
			buildSettings = {
				ASSETCATALOG_COMPILER_APPICON_NAME = AppIcon;
				ASSETCATALOG_COMPILER_GLOBAL_ACCENT_COLOR_NAME = AccentColor;
				ASSETCATALOG_COMPILER_INCLUDE_ALL_APPICON_ASSETS = YES;
				CODE_SIGN_ENTITLEMENTS = mRoute/mRoute.entitlements;
				CODE_SIGN_STYLE = Automatic;
				CURRENT_PROJECT_VERSION = 1;
				DEVELOPMENT_ASSET_PATHS = "\"mRoute/Preview Content\"";
				DEVELOPMENT_TEAM = 5G2NPBJK99;
				ENABLE_HARDENED_RUNTIME = YES;
				ENABLE_PREVIEWS = YES;
				GENERATE_INFOPLIST_FILE = YES;
				"INFOPLIST_KEY_UIApplicationSceneManifest_Generation[sdk=iphoneos*]" = YES;
				"INFOPLIST_KEY_UIApplicationSceneManifest_Generation[sdk=iphonesimulator*]" = YES;
				"INFOPLIST_KEY_UIApplicationSupportsIndirectInputEvents[sdk=iphoneos*]" = YES;
				"INFOPLIST_KEY_UIApplicationSupportsIndirectInputEvents[sdk=iphonesimulator*]" = YES;
				"INFOPLIST_KEY_UILaunchScreen_Generation[sdk=iphoneos*]" = YES;
				"INFOPLIST_KEY_UILaunchScreen_Generation[sdk=iphonesimulator*]" = YES;
				INFOPLIST_KEY_UIRequiresFullScreen = YES;
				INFOPLIST_KEY_UIStatusBarStyle = "";
				"INFOPLIST_KEY_UIStatusBarStyle[sdk=iphoneos*]" = UIStatusBarStyleDefault;
				"INFOPLIST_KEY_UIStatusBarStyle[sdk=iphonesimulator*]" = UIStatusBarStyleDefault;
				INFOPLIST_KEY_UISupportedInterfaceOrientations = "UIInterfaceOrientationLandscapeLeft UIInterfaceOrientationLandscapeRight UIInterfaceOrientationPortrait UIInterfaceOrientationPortraitUpsideDown";
				IPHONEOS_DEPLOYMENT_TARGET = 15.0;
				LD_RUNPATH_SEARCH_PATHS = "@executable_path/Frameworks";
				"LD_RUNPATH_SEARCH_PATHS[sdk=macosx*]" = "@executable_path/../Frameworks";
				MACOSX_DEPLOYMENT_TARGET = 13.3;
				MARKETING_VERSION = 1.0;
				PRODUCT_BUNDLE_IDENTIFIER = dev.sanjaygangwar.mRoute;
				PRODUCT_NAME = "$(TARGET_NAME)";
				SDKROOT = auto;
				SUPPORTED_PLATFORMS = "iphoneos iphonesimulator macosx";
				SWIFT_EMIT_LOC_STRINGS = YES;
				SWIFT_VERSION = 5.0;
				TARGETED_DEVICE_FAMILY = "1,2";
			};
			name = Debug;
		};
		18B8E5E82A5D6CC4008D56E0 /* Release */ = {
			isa = XCBuildConfiguration;
			buildSettings = {
				ASSETCATALOG_COMPILER_APPICON_NAME = AppIcon;
				ASSETCATALOG_COMPILER_GLOBAL_ACCENT_COLOR_NAME = AccentColor;
				ASSETCATALOG_COMPILER_INCLUDE_ALL_APPICON_ASSETS = YES;
				CODE_SIGN_ENTITLEMENTS = mRoute/mRoute.entitlements;
				CODE_SIGN_STYLE = Automatic;
				CURRENT_PROJECT_VERSION = 1;
				DEVELOPMENT_ASSET_PATHS = "\"mRoute/Preview Content\"";
				DEVELOPMENT_TEAM = 5G2NPBJK99;
				ENABLE_HARDENED_RUNTIME = YES;
				ENABLE_PREVIEWS = YES;
				GENERATE_INFOPLIST_FILE = YES;
				"INFOPLIST_KEY_UIApplicationSceneManifest_Generation[sdk=iphoneos*]" = YES;
				"INFOPLIST_KEY_UIApplicationSceneManifest_Generation[sdk=iphonesimulator*]" = YES;
				"INFOPLIST_KEY_UIApplicationSupportsIndirectInputEvents[sdk=iphoneos*]" = YES;
				"INFOPLIST_KEY_UIApplicationSupportsIndirectInputEvents[sdk=iphonesimulator*]" = YES;
				"INFOPLIST_KEY_UILaunchScreen_Generation[sdk=iphoneos*]" = YES;
				"INFOPLIST_KEY_UILaunchScreen_Generation[sdk=iphonesimulator*]" = YES;
				INFOPLIST_KEY_UIRequiresFullScreen = YES;
				INFOPLIST_KEY_UIStatusBarStyle = "";
				"INFOPLIST_KEY_UIStatusBarStyle[sdk=iphoneos*]" = UIStatusBarStyleDefault;
				"INFOPLIST_KEY_UIStatusBarStyle[sdk=iphonesimulator*]" = UIStatusBarStyleDefault;
				INFOPLIST_KEY_UISupportedInterfaceOrientations = "UIInterfaceOrientationLandscapeLeft UIInterfaceOrientationLandscapeRight UIInterfaceOrientationPortrait UIInterfaceOrientationPortraitUpsideDown";
				IPHONEOS_DEPLOYMENT_TARGET = 15.0;
				LD_RUNPATH_SEARCH_PATHS = "@executable_path/Frameworks";
				"LD_RUNPATH_SEARCH_PATHS[sdk=macosx*]" = "@executable_path/../Frameworks";
				MACOSX_DEPLOYMENT_TARGET = 13.3;
				MARKETING_VERSION = 1.0;
				PRODUCT_BUNDLE_IDENTIFIER = dev.sanjaygangwar.mRoute;
				PRODUCT_NAME = "$(TARGET_NAME)";
				SDKROOT = auto;
				SUPPORTED_PLATFORMS = "iphoneos iphonesimulator macosx";
				SWIFT_EMIT_LOC_STRINGS = YES;
				SWIFT_VERSION = 5.0;
				TARGETED_DEVICE_FAMILY = "1,2";
			};
			name = Release;
		};
/* End XCBuildConfiguration section */

/* Begin XCConfigurationList section */
		18B8E5D22A5D6CC3008D56E0 /* Build configuration list for PBXProject "mRoute" */ = {
			isa = XCConfigurationList;
			buildConfigurations = (
				18B8E5E42A5D6CC4008D56E0 /* Debug */,
				18B8E5E52A5D6CC4008D56E0 /* Release */,
			);
			defaultConfigurationIsVisible = 0;
			defaultConfigurationName = Release;
		};
		18B8E5E62A5D6CC4008D56E0 /* Build configuration list for PBXNativeTarget "mRoute" */ = {
			isa = XCConfigurationList;
			buildConfigurations = (
				18B8E5E72A5D6CC4008D56E0 /* Debug */,
				18B8E5E82A5D6CC4008D56E0 /* Release */,
			);
			defaultConfigurationIsVisible = 0;
			defaultConfigurationName = Release;
		};
/* End XCConfigurationList section */

/* Begin XCRemoteSwiftPackageReference section */
		18F5CC812A8620A300ADF6C6 /* XCRemoteSwiftPackageReference "firebase-ios-sdk" */ = {
			isa = XCRemoteSwiftPackageReference;
			repositoryURL = "https://github.com/firebase/firebase-ios-sdk.git";
			requirement = {
				kind = upToNextMajorVersion;
				minimumVersion = 10.0.0;
			};
		};
/* End XCRemoteSwiftPackageReference section */

/* Begin XCSwiftPackageProductDependency section */
		18F5CC822A8620A300ADF6C6 /* FirebaseAnalytics */ = {
			isa = XCSwiftPackageProductDependency;
			package = 18F5CC812A8620A300ADF6C6 /* XCRemoteSwiftPackageReference "firebase-ios-sdk" */;
			productName = FirebaseAnalytics;
		};
		18F5CC842A8620A300ADF6C6 /* FirebaseCrashlytics */ = {
			isa = XCSwiftPackageProductDependency;
			package = 18F5CC812A8620A300ADF6C6 /* XCRemoteSwiftPackageReference "firebase-ios-sdk" */;
			productName = FirebaseCrashlytics;
		};
		18F5CC862A8620A300ADF6C6 /* FirebaseDatabase */ = {
			isa = XCSwiftPackageProductDependency;
			package = 18F5CC812A8620A300ADF6C6 /* XCRemoteSwiftPackageReference "firebase-ios-sdk" */;
			productName = FirebaseDatabase;
		};
		18F5CC882A8620A300ADF6C6 /* FirebaseMessaging */ = {
			isa = XCSwiftPackageProductDependency;
			package = 18F5CC812A8620A300ADF6C6 /* XCRemoteSwiftPackageReference "firebase-ios-sdk" */;
			productName = FirebaseMessaging;
		};
		18F5CC8A2A8620A300ADF6C6 /* FirebasePerformance */ = {
			isa = XCSwiftPackageProductDependency;
			package = 18F5CC812A8620A300ADF6C6 /* XCRemoteSwiftPackageReference "firebase-ios-sdk" */;
			productName = FirebasePerformance;
		};
/* End XCSwiftPackageProductDependency section */
	};
	rootObject = 18B8E5CF2A5D6CC3008D56E0 /* Project object */;
}
